Microsoft Visual Studio Solution File, Format Version 12.00
# Visual Studio Version 17
VisualStudioVersion = 17.5.2.0
MinimumVisualStudioVersion = 10.0.40219.1
Project("{2150E333-8FDC-42A3-9474-1A3956D46DE8}") = "az-204", "az-204", "{594F6F2A-19E7-0091-DE70-8B627599D487}"
EndProject
Project("{FAE04EC0-301F-11D3-BF4B-00C04F79EFBC}") = "demo-01", "az-204\demo-01\demo-01.csproj", "{6B24C3CE-7891-343C-46C6-DBAE2FCA5E46}"
EndProject
Global
	GlobalSection(SolutionConfigurationPlatforms) = preSolution
		Debug|Any CPU = Debug|Any CPU
		Release|Any CPU = Release|Any CPU
	EndGlobalSection
	GlobalSection(ProjectConfigurationPlatforms) = postSolution
		{6B24C3CE-7891-343C-46C6-DBAE2FCA5E46}.Debug|Any CPU.ActiveCfg = Debug|Any CPU
		{6B24C3CE-7891-343C-46C6-DBAE2FCA5E46}.Debug|Any CPU.Build.0 = Debug|Any CPU
		{6B24C3CE-7891-343C-46C6-DBAE2FCA5E46}.Release|Any CPU.ActiveCfg = Release|Any CPU
		{6B24C3CE-7891-343C-46C6-DBAE2FCA5E46}.Release|Any CPU.Build.0 = Release|Any CPU
	EndGlobalSection
	GlobalSection(SolutionProperties) = preSolution
		HideSolutionNode = FALSE
	EndGlobalSection
	GlobalSection(NestedProjects) = preSolution
		{6B24C3CE-7891-343C-46C6-DBAE2FCA5E46} = {594F6F2A-19E7-0091-DE70-8B627599D487}
	EndGlobalSection
	GlobalSection(ExtensibilityGlobals) = postSolution
		SolutionGuid = {B268AEA5-23D7-4E06-9D06-F8160A3C82A7}
	EndGlobalSection
EndGlobal
